
Microsoft Visual Studio Solution File, Format Version 12.00
# Visual Studio Version 17
VisualStudioVersion = 17.1.32319.34
MinimumVisualStudioVersion = 10.0.40219.1
Project("{FAE04EC0-301F-11D3-BF4B-00C04F79EFBC}") = "ChapeauLogic", "ChapeauLogic\ChapeauLogic.csproj", "{02EE313D-E7F0-41D8-A347-AFED2A25B065}"
EndProject
Project("{9A19103F-16F7-4668-BE54-9A1E7A4F7556}") = "ChapeauModel", "..\..\Chapeau-Restaurant\ChapeauModel\ChapeauModel.csproj", "{E93C4796-E58E-4D26-9DBA-CD221C25C5FB}"
EndProject
Project("{9A19103F-16F7-4668-BE54-9A1E7A4F7556}") = "ChapeauDAL", "..\..\Chapeau-Restaurant\ChapeauDAL\ChapeauDAL.csproj", "{BFBBAD3D-A5C5-449C-9A79-C72A78873B6E}"
EndProject
Project("{9A19103F-16F7-4668-BE54-9A1E7A4F7556}") = "ChapeauUI", "..\..\Chapeau-Restaurant\ChapeauUI\ChapeauUI.csproj", "{F3C1E9A0-522B-433E-943C-5F3AD294F99A}"
EndProject
Global
	GlobalSection(SolutionConfigurationPlatforms) = preSolution
		Debug|Any CPU = Debug|Any CPU
		Release|Any CPU = Release|Any CPU
	EndGlobalSection
	GlobalSection(ProjectConfigurationPlatforms) = postSolution
		{02EE313D-E7F0-41D8-A347-AFED2A25B065}.Debug|Any CPU.ActiveCfg = Debug|Any CPU
		{02EE313D-E7F0-41D8-A347-AFED2A25B065}.Debug|Any CPU.Build.0 = Debug|Any CPU
		{02EE313D-E7F0-41D8-A347-AFED2A25B065}.Release|Any CPU.ActiveCfg = Release|Any CPU
		{02EE313D-E7F0-41D8-A347-AFED2A25B065}.Release|Any CPU.Build.0 = Release|Any CPU
		{E93C4796-E58E-4D26-9DBA-CD221C25C5FB}.Debug|Any CPU.ActiveCfg = Debug|Any CPU
		{E93C4796-E58E-4D26-9DBA-CD221C25C5FB}.Debug|Any CPU.Build.0 = Debug|Any CPU
		{E93C4796-E58E-4D26-9DBA-CD221C25C5FB}.Release|Any CPU.ActiveCfg = Release|Any CPU
		{E93C4796-E58E-4D26-9DBA-CD221C25C5FB}.Release|Any CPU.Build.0 = Release|Any CPU
		{BFBBAD3D-A5C5-449C-9A79-C72A78873B6E}.Debug|Any CPU.ActiveCfg = Debug|Any CPU
		{BFBBAD3D-A5C5-449C-9A79-C72A78873B6E}.Debug|Any CPU.Build.0 = Debug|Any CPU
		{BFBBAD3D-A5C5-449C-9A79-C72A78873B6E}.Release|Any CPU.ActiveCfg = Release|Any CPU
		{BFBBAD3D-A5C5-449C-9A79-C72A78873B6E}.Release|Any CPU.Build.0 = Release|Any CPU
		{F3C1E9A0-522B-433E-943C-5F3AD294F99A}.Debug|Any CPU.ActiveCfg = Debug|Any CPU
		{F3C1E9A0-522B-433E-943C-5F3AD294F99A}.Debug|Any CPU.Build.0 = Debug|Any CPU
		{F3C1E9A0-522B-433E-943C-5F3AD294F99A}.Release|Any CPU.ActiveCfg = Release|Any CPU
		{F3C1E9A0-522B-433E-943C-5F3AD294F99A}.Release|Any CPU.Build.0 = Release|Any CPU
	EndGlobalSection
	GlobalSection(SolutionProperties) = preSolution
		HideSolutionNode = FALSE
	EndGlobalSection
	GlobalSection(ExtensibilityGlobals) = postSolution
		SolutionGuid = {9A13FFA2-F0EA-4EF3-9128-9EB2A63CD8CA}
	EndGlobalSection
EndGlobal
